github.com/martine/gocairo v0.0.0-20160222165215-ddd30f837497 h1:YokNfnvsFBP4Fw6OdIWsmUQfyQFCR8J9f7FweVa6sgQ=
github.com/martine/gocairo v0.0.0-20160222165215-ddd30f837497/go.mod h1:iLyMWuHlSRKkfS1vzV+wQNDFVOfQZYkrAAdNS7FPb4w=
rsc.io/c2go v0.0.0-20170620140410-520c22818a08 h1:AAIN5uzUq20OU2cNoPTVljUm7JDaD0Z/+Xl/uMBHJgU=
rsc.io/c2go v0.0.0-20170620140410-520c22818a08/go.mod h1:hE73EMCiJ3lIDPgEDEK781LZrVhFDxT+I+ziQRoLVNE=
